PODS:
  - OMGJanusWebRTC (0.1.6):
    - Starscream
    - WebRTC
  - Starscream (3.0.6)
  - WebRTC (63.11.20455)

DEPENDENCIES:
  - OMGJanusWebRTC (from `../`)

SPEC REPOS:
  https://github.com/cocoapods/specs.git:
    - Starscream
    - WebRTC

EXTERNAL SOURCES:
  OMGJanusWebRTC:
    :path: "../"

SPEC CHECKSUMS:
  OMGJanusWebRTC: 2f680f11731dd1a453c8a1eac55895dfa8bdc32d
  Starscream: ef3ece99d765eeccb67de105bfa143f929026cf5
  WebRTC: f2a6203584745fe53532633397557876b5d71640

PODFILE CHECKSUM: 34e1f4d3480825dbd54f4253586608d5e575d284

COCOAPODS: 1.5.3
