PODS:
  - OMGJanusWebRTC (0.1.5):
    - Starscream (~> 2.1.1)
    - WebRTC
  - Starscream (2.1.1)
  - WebRTC (63.11.20455)

DEPENDENCIES:
  - OMGJanusWebRTC (from `../`)

SPEC REPOS:
  https://github.com/cocoapods/specs.git:
    - Starscream
    - WebRTC

EXTERNAL SOURCES:
  OMGJanusWebRTC:
    :path: "../"

SPEC CHECKSUMS:
  OMGJanusWebRTC: 1eb0bbab3f5c8b4a27726de0051579fb6868dd0b
  Starscream: 142bd8ef24592d985daee9fa48c936070b85b15f
  WebRTC: f2a6203584745fe53532633397557876b5d71640

PODFILE CHECKSUM: 34e1f4d3480825dbd54f4253586608d5e575d284

COCOAPODS: 1.5.3
